<?xml version="1.0" encoding="utf-8"?>
<Project ToolsVersion="4.0" xmlns="http://schemas.microsoft.com/developer/msbuild/2003">
  <ItemGroup>
    <Filter Include="Source Files">
      <UniqueIdentifier>{9e6476ac-ee4c-4377-b693-51af8e59534c}</UniqueIdentifier>
      <Extensions>cpp;c;cxx;def;r;odl;hpj;bat;for;f90</Extensions>
    </Filter>
    <Filter Include="Header Files">
      <UniqueIdentifier>{751d9c2f-b3e0-42ce-b0d4-75e74edbfa08}</UniqueIdentifier>
      <Extensions>h;hpp;hxx;inl;fi;fd</Extensions>
    </Filter>
    <Filter Include="Resource Files">
      <UniqueIdentifier>{3e732de0-54c6-480d-97c8-528be5eb79ad}</UniqueIdentifier>
      <Extensions>rc;ico;cur;bmp;dlg;rc2;rct;cnt;rtf;gif;jpg;jpeg;jpe</Extensions>
    </Filter>
  </ItemGroup>
  <ItemGroup>
    <ClCompile Include="Listvwex.cpp">
      <Filter>Source Files</Filter>
    </ClCompile>
    <ClCompile Include="MainFrm.cpp">
      <Filter>Source Files</Filter>
    </ClCompile>
    <ClCompile Include="MfcCommand.cpp">
      <Filter>Source Files</Filter>
    </ClCompile>
    <ClCompile Include="NotifyHook.cpp">
      <Filter>Source Files</Filter>
    </ClCompile>
    <ClCompile Include="RListDoc.cpp">
      <Filter>Source Files</Filter>
    </ClCompile>
    <ClCompile Include="RListVw.cpp">
      <Filter>Source Files</Filter>
    </ClCompile>
    <ClCompile Include="RowList.cpp">
      <Filter>Source Files</Filter>
    </ClCompile>
    <ClCompile Include="RowListTemp.cpp">
      <Filter>Source Files</Filter>
    </ClCompile>
    <ClCompile Include="StdAfx.cpp">
      <Filter>Source Files</Filter>
    </ClCompile>
  </ItemGroup>
  <ItemGroup>
    <ClInclude Include="ListVwEx.h">
      <Filter>Header Files</Filter>
    </ClInclude>
    <ClInclude Include="MainFrm.h">
      <Filter>Header Files</Filter>
    </ClInclude>
    <ClInclude Include="RListDoc.h">
      <Filter>Header Files</Filter>
    </ClInclude>
    <ClInclude Include="RListVw.h">
      <Filter>Header Files</Filter>
    </ClInclude>
    <ClInclude Include="RowList.h">
      <Filter>Header Files</Filter>
    </ClInclude>
    <ClInclude Include="RowListTemp.h">
      <Filter>Header Files</Filter>
    </ClInclude>
    <ClInclude Include="StdAfx.h">
      <Filter>Header Files</Filter>
    </ClInclude>
  </ItemGroup>
  <ItemGroup>
    <None Include="res\largeico.bmp">
      <Filter>Resource Files</Filter>
    </None>
    <None Include="res\RListDoc.ico">
      <Filter>Resource Files</Filter>
    </None>
    <None Include="res\RowList.ico">
      <Filter>Resource Files</Filter>
    </None>
    <None Include="res\RowList.rc2">
      <Filter>Resource Files</Filter>
    </None>
    <None Include="res\smallico.bmp">
      <Filter>Resource Files</Filter>
    </None>
    <None Include="res\stateico.bmp">
      <Filter>Resource Files</Filter>
    </None>
    <None Include="res\Toolbar.bmp">
      <Filter>Resource Files</Filter>
    </None>
    <None Include="ReadMe.htm" />
  </ItemGroup>
  <ItemGroup>
    <ResourceCompile Include="RowList.rc">
      <Filter>Resource Files</Filter>
    </ResourceCompile>
  </ItemGroup>
</Project>