
Microsoft Visual Studio Solution File, Format Version 12.00
# Visual Studio 14
VisualStudioVersion = 14.0.23107.0
MinimumVisualStudioVersion = 10.0.40219.1
Project("{2150E333-8FDC-42A3-9474-1A3956D46DE8}") = "MixedMfcDlls", "MixedMfcDlls", "{A781DD6C-B7AB-4458-8F05-515C098A8821}"
EndProject
Project("{8BC9CEB8-8B4A-11D0-8D11-00A0C91BC942}") = "Mesh", "Samples\wrl_viewer\MixedMfcDlls\wrl_viewer\Mesh.vcxproj", "{F05710D4-131F-4B6D-9358-EB172A93EB92}"
EndProject
Project("{8BC9CEB8-8B4A-11D0-8D11-00A0C91BC942}") = "DialogEditor", "Samples\UmlEditor\MixedMfcDlls\DialogEditor\DialogEditorDemo.vcxproj", "{591D29C5-3D16-42DE-A946-DD0DC1657E15}"
EndProject
Project("{8BC9CEB8-8B4A-11D0-8D11-00A0C91BC942}") = "UMLEditor", "Samples\UmlEditor\MixedMfcDlls\UMLEditor\UMLEditor.vcxproj", "{80664ED7-EFA4-40E8-8C2B-7BC2C2314FF9}"
EndProject
Project("{8BC9CEB8-8B4A-11D0-8D11-00A0C91BC942}") = "SimpleCtrl", "Samples\RowList\MixedMfcDlls\SimpleTest\SimpleTest.vcxproj", "{F66DCD70-D3F4-4C98-A973-D5949F2622CB}"
EndProject
Project("{FAE04EC0-301F-11D3-BF4B-00C04F79EFBC}") = "WpfPageDemo_RowList", "Samples\RowList\WpfPageDemo\WpfPageDemo_RowList.csproj", "{8C6F1D7B-E8F9-444C-A72B-BC803988B121}"
EndProject
Project("{FAE04EC0-301F-11D3-BF4B-00C04F79EFBC}") = "WpfDemo_UmlEditor", "Samples\UmlEditor\WpfDemo\WpfDemo_UmlEditor.csproj", "{32AAFFC0-6E41-44E8-87FA-D82F6C1601E7}"
EndProject
Project("{FAE04EC0-301F-11D3-BF4B-00C04F79EFBC}") = "FormsDemo_SimpleCtrl", "Samples\RowList\FormDemo\FormsDemo_SimpleCtrl.csproj", "{B8012008-0737-48CE-859F-40323E9C5388}"
EndProject
Project("{FAE04EC0-301F-11D3-BF4B-00C04F79EFBC}") = "FormsDemo_UmlEditor", "Samples\UmlEditor\FormsDemo\FormsDemo_UmlEditor.csproj", "{99AE4C5B-4AB2-4A33-9ADD-AD8FF16F7159}"
EndProject
Project("{FAE04EC0-301F-11D3-BF4B-00C04F79EFBC}") = "MdiFormsDemo", "Samples\UmlEditor\HostingSamples\MdiFormsDemo\MdiFormsDemo\MdiFormsDemo.csproj", "{0972EA15-A3E8-4E59-AAC0-E093727C98A1}"
EndProject
Project("{FAE04EC0-301F-11D3-BF4B-00C04F79EFBC}") = "MdiFormsWndManager", "Samples\UmlEditor\HostingSamples\MdiFormsDemo\MdiFormsWndManager\MdiFormsWndManager.csproj", "{9F536F56-AF43-4BED-B269-A03F524A0339}"
EndProject
Project("{FAE04EC0-301F-11D3-BF4B-00C04F79EFBC}") = "SdiFormsWndManager", "Samples\UmlEditor\HostingSamples\SdiFormsDemo\SdiFormsWndManager\SdiFormsWndManager.csproj", "{4F41A480-D1F9-4B8E-AFBC-68ADFCE118E8}"
EndProject
Project("{FAE04EC0-301F-11D3-BF4B-00C04F79EFBC}") = "SdiFormsDemo", "Samples\UmlEditor\HostingSamples\SdiFormsDemo\SdiFormsDemo\SdiFormsDemo.csproj", "{6065D3E2-800E-4443-BDEA-78D7880978BB}"
EndProject
Project("{8BC9CEB8-8B4A-11D0-8D11-00A0C91BC942}") = "RowList", "Samples\RowList\MixedMfcDlls\rldll\rowlist.vcxproj", "{736AE1A6-14A7-490D-A8B6-8EB0B6A18969}"
EndProject
Project("{FAE04EC0-301F-11D3-BF4B-00C04F79EFBC}") = "WpfPageDemo_WrlViewer", "Samples\wrl_viewer\WpfPageDemo\WpfPageDemo_WrlViewer.csproj", "{CC91BB2A-443C-4842-94F4-43210750CED5}"
EndProject
Project("{FAE04EC0-301F-11D3-BF4B-00C04F79EFBC}") = "WpfPageDemo_UmlEditor", "Samples\UmlEditor\WpfPageDemo\WpfPageDemo_UmlEditor.csproj", "{114D4F49-4E77-4811-886C-15B759F3798C}"
EndProject
Project("{FAE04EC0-301F-11D3-BF4B-00C04F79EFBC}") = "FormsDemo_DialogWiz", "Samples\DialogWiz\FormsDemo_DialogWiz\FormsDemo_DialogWiz.csproj", "{6C0AAAAD-70C1-4C2D-BB84-46C08C50CA5F}"
EndProject
Project("{8BC9CEB8-8B4A-11D0-8D11-00A0C91BC942}") = "DialogWiz", "Samples\DialogWiz\MixedMfcDlls\DialogWiz.vcxproj", "{8C4D2656-04CA-469C-B507-32F5E69C6FE5}"
EndProject
Global
	GlobalSection(SolutionConfigurationPlatforms) = preSolution
		Debug|x64 = Debug|x64
		Debug|x86 = Debug|x86
		MBCS Debug|x64 = MBCS Debug|x64
		MBCS Debug|x86 = MBCS Debug|x86
	EndGlobalSection
	GlobalSection(ProjectConfigurationPlatforms) = postSolution
		{F05710D4-131F-4B6D-9358-EB172A93EB92}.Debug|x64.ActiveCfg = Debug|x64
		{F05710D4-131F-4B6D-9358-EB172A93EB92}.Debug|x64.Build.0 = Debug|x64
		{F05710D4-131F-4B6D-9358-EB172A93EB92}.Debug|x86.ActiveCfg = Debug|Win32
		{F05710D4-131F-4B6D-9358-EB172A93EB92}.Debug|x86.Build.0 = Debug|Win32
		{F05710D4-131F-4B6D-9358-EB172A93EB92}.MBCS Debug|x64.ActiveCfg = MBCS Debug|x64
		{F05710D4-131F-4B6D-9358-EB172A93EB92}.MBCS Debug|x64.Build.0 = MBCS Debug|x64
		{F05710D4-131F-4B6D-9358-EB172A93EB92}.MBCS Debug|x86.ActiveCfg = MBCS Debug|Win32
		{F05710D4-131F-4B6D-9358-EB172A93EB92}.MBCS Debug|x86.Build.0 = MBCS Debug|Win32
		{591D29C5-3D16-42DE-A946-DD0DC1657E15}.Debug|x64.ActiveCfg = Debug|x64
		{591D29C5-3D16-42DE-A946-DD0DC1657E15}.Debug|x64.Build.0 = Debug|x64
		{591D29C5-3D16-42DE-A946-DD0DC1657E15}.Debug|x86.ActiveCfg = Debug|Win32
		{591D29C5-3D16-42DE-A946-DD0DC1657E15}.Debug|x86.Build.0 = Debug|Win32
		{591D29C5-3D16-42DE-A946-DD0DC1657E15}.MBCS Debug|x64.ActiveCfg = MBCS Debug|x64
		{591D29C5-3D16-42DE-A946-DD0DC1657E15}.MBCS Debug|x64.Build.0 = MBCS Debug|x64
		{591D29C5-3D16-42DE-A946-DD0DC1657E15}.MBCS Debug|x86.ActiveCfg = MBCS Debug|Win32
		{591D29C5-3D16-42DE-A946-DD0DC1657E15}.MBCS Debug|x86.Build.0 = MBCS Debug|Win32
		{80664ED7-EFA4-40E8-8C2B-7BC2C2314FF9}.Debug|x64.ActiveCfg = Debug|x64
		{80664ED7-EFA4-40E8-8C2B-7BC2C2314FF9}.Debug|x64.Build.0 = Debug|x64
		{80664ED7-EFA4-40E8-8C2B-7BC2C2314FF9}.Debug|x86.ActiveCfg = Debug|Win32
		{80664ED7-EFA4-40E8-8C2B-7BC2C2314FF9}.Debug|x86.Build.0 = Debug|Win32
		{80664ED7-EFA4-40E8-8C2B-7BC2C2314FF9}.MBCS Debug|x64.ActiveCfg = MBCS Debug|x64
		{80664ED7-EFA4-40E8-8C2B-7BC2C2314FF9}.MBCS Debug|x64.Build.0 = MBCS Debug|x64
		{80664ED7-EFA4-40E8-8C2B-7BC2C2314FF9}.MBCS Debug|x86.ActiveCfg = MBCS Debug|Win32
		{80664ED7-EFA4-40E8-8C2B-7BC2C2314FF9}.MBCS Debug|x86.Build.0 = MBCS Debug|Win32
		{F66DCD70-D3F4-4C98-A973-D5949F2622CB}.Debug|x64.ActiveCfg = ASCII Release|x64
		{F66DCD70-D3F4-4C98-A973-D5949F2622CB}.Debug|x64.Build.0 = Debug|x64
		{F66DCD70-D3F4-4C98-A973-D5949F2622CB}.Debug|x64.Build.2 = ASCII Debug|x64
		{F66DCD70-D3F4-4C98-A973-D5949F2622CB}.Debug|x64.Build.4 = ASCII Release|x64
		{F66DCD70-D3F4-4C98-A973-D5949F2622CB}.Debug|x86.ActiveCfg = Debug|Win32
		{F66DCD70-D3F4-4C98-A973-D5949F2622CB}.Debug|x86.Build.0 = Debug|Win32
		{F66DCD70-D3F4-4C98-A973-D5949F2622CB}.MBCS Debug|x64.ActiveCfg = MBCS Debug|x64
		{F66DCD70-D3F4-4C98-A973-D5949F2622CB}.MBCS Debug|x64.Build.0 = MBCS Debug|x64
		{F66DCD70-D3F4-4C98-A973-D5949F2622CB}.MBCS Debug|x86.ActiveCfg = MBCS Debug|Win32
		{F66DCD70-D3F4-4C98-A973-D5949F2622CB}.MBCS Debug|x86.Build.0 = MBCS Debug|Win32
		{8C6F1D7B-E8F9-444C-A72B-BC803988B121}.Debug|x64.ActiveCfg = Debug|x64
		{8C6F1D7B-E8F9-444C-A72B-BC803988B121}.Debug|x64.Build.0 = Debug|x64
		{8C6F1D7B-E8F9-444C-A72B-BC803988B121}.Debug|x64.Build.2 = MBCS Release|x64
		{8C6F1D7B-E8F9-444C-A72B-BC803988B121}.Debug|x64.Build.4 = MBCS Debug|x64
		{8C6F1D7B-E8F9-444C-A72B-BC803988B121}.Debug|x86.ActiveCfg = Debug|x86
		{8C6F1D7B-E8F9-444C-A72B-BC803988B121}.Debug|x86.Build.0 = Debug|x86
		{8C6F1D7B-E8F9-444C-A72B-BC803988B121}.MBCS Debug|x64.ActiveCfg = MBCS Debug|Any CPU
		{8C6F1D7B-E8F9-444C-A72B-BC803988B121}.MBCS Debug|x64.Build.0 = MBCS Debug|x64
		{8C6F1D7B-E8F9-444C-A72B-BC803988B121}.MBCS Debug|x86.ActiveCfg = MBCS Debug|x86
		{8C6F1D7B-E8F9-444C-A72B-BC803988B121}.MBCS Debug|x86.Build.0 = MBCS Debug|x86
		{32AAFFC0-6E41-44E8-87FA-D82F6C1601E7}.Debug|x64.ActiveCfg = Debug|x64
		{32AAFFC0-6E41-44E8-87FA-D82F6C1601E7}.Debug|x64.Build.0 = Debug|x64
		{32AAFFC0-6E41-44E8-87FA-D82F6C1601E7}.Debug|x86.ActiveCfg = Debug|x86
		{32AAFFC0-6E41-44E8-87FA-D82F6C1601E7}.Debug|x86.Build.0 = Debug|x86
		{32AAFFC0-6E41-44E8-87FA-D82F6C1601E7}.MBCS Debug|x64.ActiveCfg = MBCS Debug|Any CPU
		{32AAFFC0-6E41-44E8-87FA-D82F6C1601E7}.MBCS Debug|x64.Build.0 = MBCS Debug|x64
		{32AAFFC0-6E41-44E8-87FA-D82F6C1601E7}.MBCS Debug|x86.ActiveCfg = MBCS Debug|x86
		{32AAFFC0-6E41-44E8-87FA-D82F6C1601E7}.MBCS Debug|x86.Build.0 = MBCS Debug|x86
		{B8012008-0737-48CE-859F-40323E9C5388}.Debug|x64.ActiveCfg = Debug|x64
		{B8012008-0737-48CE-859F-40323E9C5388}.Debug|x64.Build.0 = Debug|x64
		{B8012008-0737-48CE-859F-40323E9C5388}.Debug|x64.Build.2 = MBCS Release|x64
		{B8012008-0737-48CE-859F-40323E9C5388}.Debug|x64.Build.4 = MBCS Debug|x64
		{B8012008-0737-48CE-859F-40323E9C5388}.Debug|x86.ActiveCfg = Debug|x86
		{B8012008-0737-48CE-859F-40323E9C5388}.Debug|x86.Build.0 = Debug|x86
		{B8012008-0737-48CE-859F-40323E9C5388}.MBCS Debug|x64.ActiveCfg = MBCS Debug|Any CPU
		{B8012008-0737-48CE-859F-40323E9C5388}.MBCS Debug|x64.Build.0 = MBCS Debug|x64
		{B8012008-0737-48CE-859F-40323E9C5388}.MBCS Debug|x86.ActiveCfg = MBCS Debug|x86
		{B8012008-0737-48CE-859F-40323E9C5388}.MBCS Debug|x86.Build.0 = MBCS Debug|x86
		{99AE4C5B-4AB2-4A33-9ADD-AD8FF16F7159}.Debug|x64.ActiveCfg = Debug|x64
		{99AE4C5B-4AB2-4A33-9ADD-AD8FF16F7159}.Debug|x64.Build.0 = Debug|x64
		{99AE4C5B-4AB2-4A33-9ADD-AD8FF16F7159}.Debug|x86.ActiveCfg = Debug|x86
		{99AE4C5B-4AB2-4A33-9ADD-AD8FF16F7159}.Debug|x86.Build.0 = Debug|x86
		{99AE4C5B-4AB2-4A33-9ADD-AD8FF16F7159}.MBCS Debug|x64.ActiveCfg = MBCS Debug|Any CPU
		{99AE4C5B-4AB2-4A33-9ADD-AD8FF16F7159}.MBCS Debug|x64.Build.0 = MBCS Debug|x64
		{99AE4C5B-4AB2-4A33-9ADD-AD8FF16F7159}.MBCS Debug|x86.ActiveCfg = MBCS Debug|x86
		{99AE4C5B-4AB2-4A33-9ADD-AD8FF16F7159}.MBCS Debug|x86.Build.0 = MBCS Debug|x86
		{0972EA15-A3E8-4E59-AAC0-E093727C98A1}.Debug|x64.ActiveCfg = Debug|x64
		{0972EA15-A3E8-4E59-AAC0-E093727C98A1}.Debug|x64.Build.0 = Debug|x64
		{0972EA15-A3E8-4E59-AAC0-E093727C98A1}.Debug|x86.ActiveCfg = Debug|x86
		{0972EA15-A3E8-4E59-AAC0-E093727C98A1}.Debug|x86.Build.0 = Debug|x86
		{0972EA15-A3E8-4E59-AAC0-E093727C98A1}.MBCS Debug|x64.ActiveCfg = MBCS Debug|Any CPU
		{0972EA15-A3E8-4E59-AAC0-E093727C98A1}.MBCS Debug|x64.Build.0 = MBCS Debug|x64
		{0972EA15-A3E8-4E59-AAC0-E093727C98A1}.MBCS Debug|x86.ActiveCfg = MBCS Debug|x86
		{0972EA15-A3E8-4E59-AAC0-E093727C98A1}.MBCS Debug|x86.Build.0 = MBCS Debug|x86
		{9F536F56-AF43-4BED-B269-A03F524A0339}.Debug|x64.ActiveCfg = Debug|x64
		{9F536F56-AF43-4BED-B269-A03F524A0339}.Debug|x64.Build.0 = Debug|x64
		{9F536F56-AF43-4BED-B269-A03F524A0339}.Debug|x86.ActiveCfg = Debug|x86
		{9F536F56-AF43-4BED-B269-A03F524A0339}.Debug|x86.Build.0 = Debug|x86
		{9F536F56-AF43-4BED-B269-A03F524A0339}.MBCS Debug|x64.ActiveCfg = MBCS Debug|Any CPU
		{9F536F56-AF43-4BED-B269-A03F524A0339}.MBCS Debug|x64.Build.0 = MBCS Debug|x64
		{9F536F56-AF43-4BED-B269-A03F524A0339}.MBCS Debug|x86.ActiveCfg = MBCS Debug|x86
		{9F536F56-AF43-4BED-B269-A03F524A0339}.MBCS Debug|x86.Build.0 = MBCS Debug|x86
		{4F41A480-D1F9-4B8E-AFBC-68ADFCE118E8}.Debug|x64.ActiveCfg = Debug|x64
		{4F41A480-D1F9-4B8E-AFBC-68ADFCE118E8}.Debug|x64.Build.0 = Debug|x64
		{4F41A480-D1F9-4B8E-AFBC-68ADFCE118E8}.Debug|x86.ActiveCfg = Debug|x86
		{4F41A480-D1F9-4B8E-AFBC-68ADFCE118E8}.Debug|x86.Build.0 = Debug|x86
		{4F41A480-D1F9-4B8E-AFBC-68ADFCE118E8}.MBCS Debug|x64.ActiveCfg = MBCS Debug|Any CPU
		{4F41A480-D1F9-4B8E-AFBC-68ADFCE118E8}.MBCS Debug|x64.Build.0 = MBCS Debug|x64
		{4F41A480-D1F9-4B8E-AFBC-68ADFCE118E8}.MBCS Debug|x86.ActiveCfg = MBCS Debug|x86
		{4F41A480-D1F9-4B8E-AFBC-68ADFCE118E8}.MBCS Debug|x86.Build.0 = MBCS Debug|x86
		{6065D3E2-800E-4443-BDEA-78D7880978BB}.Debug|x64.ActiveCfg = Debug|x64
		{6065D3E2-800E-4443-BDEA-78D7880978BB}.Debug|x64.Build.0 = Debug|x64
		{6065D3E2-800E-4443-BDEA-78D7880978BB}.Debug|x86.ActiveCfg = Debug|x86
		{6065D3E2-800E-4443-BDEA-78D7880978BB}.Debug|x86.Build.0 = Debug|x86
		{6065D3E2-800E-4443-BDEA-78D7880978BB}.MBCS Debug|x64.ActiveCfg = MBCS Debug|Any CPU
		{6065D3E2-800E-4443-BDEA-78D7880978BB}.MBCS Debug|x64.Build.0 = MBCS Debug|x64
		{6065D3E2-800E-4443-BDEA-78D7880978BB}.MBCS Debug|x86.ActiveCfg = MBCS Debug|x86
		{6065D3E2-800E-4443-BDEA-78D7880978BB}.MBCS Debug|x86.Build.0 = MBCS Debug|x86
		{736AE1A6-14A7-490D-A8B6-8EB0B6A18969}.Debug|x64.ActiveCfg = ASCII Release|x64
		{736AE1A6-14A7-490D-A8B6-8EB0B6A18969}.Debug|x64.Build.0 = Debug|x64
		{736AE1A6-14A7-490D-A8B6-8EB0B6A18969}.Debug|x64.Build.2 = ASCII Debug|x64
		{736AE1A6-14A7-490D-A8B6-8EB0B6A18969}.Debug|x64.Build.4 = ASCII Release|x64
		{736AE1A6-14A7-490D-A8B6-8EB0B6A18969}.Debug|x86.ActiveCfg = Debug|Win32
		{736AE1A6-14A7-490D-A8B6-8EB0B6A18969}.Debug|x86.Build.0 = Debug|Win32
		{736AE1A6-14A7-490D-A8B6-8EB0B6A18969}.MBCS Debug|x64.ActiveCfg = MBCS Debug|x64
		{736AE1A6-14A7-490D-A8B6-8EB0B6A18969}.MBCS Debug|x64.Build.0 = MBCS Debug|x64
		{736AE1A6-14A7-490D-A8B6-8EB0B6A18969}.MBCS Debug|x86.ActiveCfg = MBCS Debug|Win32
		{736AE1A6-14A7-490D-A8B6-8EB0B6A18969}.MBCS Debug|x86.Build.0 = MBCS Debug|Win32
		{CC91BB2A-443C-4842-94F4-43210750CED5}.Debug|x64.ActiveCfg = Debug|x64
		{CC91BB2A-443C-4842-94F4-43210750CED5}.Debug|x64.Build.0 = Debug|x64
		{CC91BB2A-443C-4842-94F4-43210750CED5}.Debug|x86.ActiveCfg = Debug|x86
		{CC91BB2A-443C-4842-94F4-43210750CED5}.Debug|x86.Build.0 = Debug|x86
		{CC91BB2A-443C-4842-94F4-43210750CED5}.MBCS Debug|x64.ActiveCfg = MBCS Debug|Any CPU
		{CC91BB2A-443C-4842-94F4-43210750CED5}.MBCS Debug|x64.Build.0 = MBCS Debug|x64
		{CC91BB2A-443C-4842-94F4-43210750CED5}.MBCS Debug|x86.ActiveCfg = MBCS Debug|x86
		{CC91BB2A-443C-4842-94F4-43210750CED5}.MBCS Debug|x86.Build.0 = MBCS Debug|x86
		{114D4F49-4E77-4811-886C-15B759F3798C}.Debug|x64.ActiveCfg = Debug|x64
		{114D4F49-4E77-4811-886C-15B759F3798C}.Debug|x64.Build.0 = Debug|x64
		{114D4F49-4E77-4811-886C-15B759F3798C}.Debug|x86.ActiveCfg = Debug|x86
		{114D4F49-4E77-4811-886C-15B759F3798C}.Debug|x86.Build.0 = Debug|x86
		{114D4F49-4E77-4811-886C-15B759F3798C}.MBCS Debug|x64.ActiveCfg = MBCS Debug|Any CPU
		{114D4F49-4E77-4811-886C-15B759F3798C}.MBCS Debug|x64.Build.0 = MBCS Debug|x64
		{114D4F49-4E77-4811-886C-15B759F3798C}.MBCS Debug|x86.ActiveCfg = MBCS Debug|x86
		{114D4F49-4E77-4811-886C-15B759F3798C}.MBCS Debug|x86.Build.0 = MBCS Debug|x86
		{6C0AAAAD-70C1-4C2D-BB84-46C08C50CA5F}.Debug|x64.ActiveCfg = Debug|x64
		{6C0AAAAD-70C1-4C2D-BB84-46C08C50CA5F}.Debug|x86.ActiveCfg = Debug|x86
		{6C0AAAAD-70C1-4C2D-BB84-46C08C50CA5F}.Debug|x86.Build.0 = Debug|x86
		{6C0AAAAD-70C1-4C2D-BB84-46C08C50CA5F}.MBCS Debug|x64.ActiveCfg = MBCS Debug|Any CPU
		{6C0AAAAD-70C1-4C2D-BB84-46C08C50CA5F}.MBCS Debug|x86.ActiveCfg = MBCS Debug|x86
		{6C0AAAAD-70C1-4C2D-BB84-46C08C50CA5F}.MBCS Debug|x86.Build.0 = MBCS Debug|x86
		{8C4D2656-04CA-469C-B507-32F5E69C6FE5}.Debug|x64.ActiveCfg = Debug|x64
		{8C4D2656-04CA-469C-B507-32F5E69C6FE5}.Debug|x64.Build.0 = Debug|x64
		{8C4D2656-04CA-469C-B507-32F5E69C6FE5}.Debug|x86.ActiveCfg = Debug|Win32
		{8C4D2656-04CA-469C-B507-32F5E69C6FE5}.Debug|x86.Build.0 = Debug|Win32
		{8C4D2656-04CA-469C-B507-32F5E69C6FE5}.MBCS Debug|x64.ActiveCfg = MBCS Debug|x64
		{8C4D2656-04CA-469C-B507-32F5E69C6FE5}.MBCS Debug|x64.Build.0 = MBCS Debug|x64
		{8C4D2656-04CA-469C-B507-32F5E69C6FE5}.MBCS Debug|x86.ActiveCfg = MBCS Debug|Win32
		{8C4D2656-04CA-469C-B507-32F5E69C6FE5}.MBCS Debug|x86.Build.0 = MBCS Debug|Win32
	EndGlobalSection
	GlobalSection(SolutionProperties) = preSolution
		HideSolutionNode = FALSE
	EndGlobalSection
	GlobalSection(NestedProjects) = preSolution
		{F05710D4-131F-4B6D-9358-EB172A93EB92} = {A781DD6C-B7AB-4458-8F05-515C098A8821}
		{591D29C5-3D16-42DE-A946-DD0DC1657E15} = {A781DD6C-B7AB-4458-8F05-515C098A8821}
		{80664ED7-EFA4-40E8-8C2B-7BC2C2314FF9} = {A781DD6C-B7AB-4458-8F05-515C098A8821}
		{F66DCD70-D3F4-4C98-A973-D5949F2622CB} = {A781DD6C-B7AB-4458-8F05-515C098A8821}
		{736AE1A6-14A7-490D-A8B6-8EB0B6A18969} = {A781DD6C-B7AB-4458-8F05-515C098A8821}
		{8C4D2656-04CA-469C-B507-32F5E69C6FE5} = {A781DD6C-B7AB-4458-8F05-515C098A8821}
	EndGlobalSection
EndGlobal
