<?xml version="1.0" encoding="utf-8"?>
<Project ToolsVersion="4.0" xmlns="http://schemas.microsoft.com/developer/msbuild/2003">
  <ItemGroup>
    <Filter Include="Source Files">
      <UniqueIdentifier>{584fb9ab-0220-4d16-8243-382ad6223bb8}</UniqueIdentifier>
      <Extensions>cpp;c;cxx;rc;def;r;odl;idl;hpj;bat</Extensions>
    </Filter>
    <Filter Include="Header Files">
      <UniqueIdentifier>{dd7d17cd-1c06-4dd1-b74d-108745103445}</UniqueIdentifier>
      <Extensions>h;hpp;hxx;hm;inl</Extensions>
    </Filter>
    <Filter Include="Resource Files">
      <UniqueIdentifier>{1ffa9217-33c1-4cd2-95b7-ce279da16a7b}</UniqueIdentifier>
      <Extensions>ico;cur;bmp;dlg;rc2;rct;bin;cnt;rtf;gif;jpg;jpeg;jpe</Extensions>
    </Filter>
  </ItemGroup>
  <ItemGroup>
    <ClCompile Include="Lib3D\Array3d.cpp">
      <Filter>Source Files</Filter>
    </ClCompile>
    <ClCompile Include="ChildFrm.cpp">
      <Filter>Source Files</Filter>
    </ClCompile>
    <ClCompile Include="Lib3D\Color.cpp">
      <Filter>Source Files</Filter>
    </ClCompile>
    <ClCompile Include="Lib3D\ColorRamp.cpp">
      <Filter>Source Files</Filter>
    </ClCompile>
    <ClCompile Include="Lib3D\Edge3d.cpp">
      <Filter>Source Files</Filter>
    </ClCompile>
    <ClCompile Include="Lib3D\Face3d.cpp">
      <Filter>Source Files</Filter>
    </ClCompile>
    <ClCompile Include="MainFrm.cpp">
      <Filter>Source Files</Filter>
    </ClCompile>
    <ClCompile Include="Lib3D\Material.cpp">
      <Filter>Source Files</Filter>
    </ClCompile>
    <ClCompile Include="Mesh.cpp">
      <Filter>Source Files</Filter>
    </ClCompile>
    <ClCompile Include="Lib3D\Mesh3d.cpp">
      <Filter>Source Files</Filter>
    </ClCompile>
    <ClCompile Include="MeshDoc.cpp">
      <Filter>Source Files</Filter>
    </ClCompile>
    <ClCompile Include="MeshView.cpp">
      <Filter>Source Files</Filter>
    </ClCompile>
    <ClCompile Include="MfcCommand.cpp">
      <Filter>Source Files</Filter>
    </ClCompile>
    <ClCompile Include="NotifyHook.cpp">
      <Filter>Source Files</Filter>
    </ClCompile>
    <ClCompile Include="Lib3D\Object3d.cpp">
      <Filter>Source Files</Filter>
    </ClCompile>
    <ClCompile Include="Lib3D\ParserVrml.cpp">
      <Filter>Source Files</Filter>
    </ClCompile>
    <ClCompile Include="Lib3D\SceneGraph3d.cpp">
      <Filter>Source Files</Filter>
    </ClCompile>
    <ClCompile Include="StdAfx.cpp">
      <Filter>Source Files</Filter>
    </ClCompile>
    <ClCompile Include="Lib3D\Texture.cpp">
      <Filter>Source Files</Filter>
    </ClCompile>
    <ClCompile Include="Lib3D\Transform.cpp">
      <Filter>Source Files</Filter>
    </ClCompile>
    <ClCompile Include="Lib3D\Utils3d.cpp">
      <Filter>Source Files</Filter>
    </ClCompile>
    <ClCompile Include="Lib3D\Vector3d.cpp">
      <Filter>Source Files</Filter>
    </ClCompile>
    <ClCompile Include="Lib3D\Vertex3d.cpp">
      <Filter>Source Files</Filter>
    </ClCompile>
  </ItemGroup>
  <ItemGroup>
    <ResourceCompile Include="Mesh.rc">
      <Filter>Source Files</Filter>
    </ResourceCompile>
  </ItemGroup>
  <ItemGroup>
    <ClInclude Include="Lib3D\Array3d.h">
      <Filter>Header Files</Filter>
    </ClInclude>
    <ClInclude Include="Lib3D\Base3d.h">
      <Filter>Header Files</Filter>
    </ClInclude>
    <ClInclude Include="ChildFrm.h">
      <Filter>Header Files</Filter>
    </ClInclude>
    <ClInclude Include="Lib3D\Color.h">
      <Filter>Header Files</Filter>
    </ClInclude>
    <ClInclude Include="Lib3D\ColorRamp.h">
      <Filter>Header Files</Filter>
    </ClInclude>
    <ClInclude Include="Lib3D\Edge3d.h">
      <Filter>Header Files</Filter>
    </ClInclude>
    <ClInclude Include="Lib3D\Face3d.h">
      <Filter>Header Files</Filter>
    </ClInclude>
    <ClInclude Include="MainFrm.h">
      <Filter>Header Files</Filter>
    </ClInclude>
    <ClInclude Include="Lib3D\Material.h">
      <Filter>Header Files</Filter>
    </ClInclude>
    <ClInclude Include="Mesh.h">
      <Filter>Header Files</Filter>
    </ClInclude>
    <ClInclude Include="Lib3D\Mesh3d.h">
      <Filter>Header Files</Filter>
    </ClInclude>
    <ClInclude Include="MeshDoc.h">
      <Filter>Header Files</Filter>
    </ClInclude>
    <ClInclude Include="MeshView.h">
      <Filter>Header Files</Filter>
    </ClInclude>
    <ClInclude Include="NotifyHook.h">
      <Filter>Header Files</Filter>
    </ClInclude>
    <ClInclude Include="Lib3D\Object3d.h">
      <Filter>Header Files</Filter>
    </ClInclude>
    <ClInclude Include="Lib3D\ParserVrml.h">
      <Filter>Header Files</Filter>
    </ClInclude>
    <ClInclude Include="Resource.h">
      <Filter>Header Files</Filter>
    </ClInclude>
    <ClInclude Include="Lib3D\SceneGraph3d.h">
      <Filter>Header Files</Filter>
    </ClInclude>
    <ClInclude Include="StdAfx.h">
      <Filter>Header Files</Filter>
    </ClInclude>
    <ClInclude Include="Lib3D\Texture.h">
      <Filter>Header Files</Filter>
    </ClInclude>
    <ClInclude Include="Lib3D\Transform.h">
      <Filter>Header Files</Filter>
    </ClInclude>
    <ClInclude Include="Lib3D\Utils3d.h">
      <Filter>Header Files</Filter>
    </ClInclude>
    <ClInclude Include="Lib3D\Vector3d.h">
      <Filter>Header Files</Filter>
    </ClInclude>
    <ClInclude Include="Lib3D\Vertex3d.h">
      <Filter>Header Files</Filter>
    </ClInclude>
  </ItemGroup>
  <ItemGroup>
    <None Include="res\Mesh.ico">
      <Filter>Resource Files</Filter>
    </None>
    <None Include="res\Mesh.rc2">
      <Filter>Resource Files</Filter>
    </None>
    <None Include="res\MeshDoc.ico">
      <Filter>Resource Files</Filter>
    </None>
    <None Include="res\Toolbar.bmp">
      <Filter>Resource Files</Filter>
    </None>
  </ItemGroup>
</Project>